{
  "requires": true,
  "lockfileVersion": 1,
  "dependencies": {
    "bignumber.js": {
      "version": "7.2.1",
      "resolved": "http://r.cnpmjs.org/bignumber.js/download/bignumber.js-7.2.1.tgz",
      "integrity": "sha1-gMBIdZ2CaACAfEv9Uh5Q7bulel8=",
      "dev": true
    },
    "cookie": {
      "version": "0.3.1",
      "resolved": "http://r.cnpmjs.org/cookie/download/cookie-0.3.1.tgz",
      "integrity": "sha1-5+Ch+e9DtMi6klxcWpboBtFoc7s=",
      "dev": true
    },
    "cookie-parser": {
      "version": "1.4.4",
      "resolved": "http://r.cnpmjs.org/cookie-parser/download/cookie-parser-1.4.4.tgz",
      "integrity": "sha1-5jY95OqYw975aXuTQhwJ8wz10Yg=",
      "dev": true,
      "requires": {
        "cookie": "0.3.1",
        "cookie-signature": "1.0.6"
      }
    },
    "cookie-session": {
      "version": "2.0.0-beta.3",
      "resolved": "http://r.cnpmjs.org/cookie-session/download/cookie-session-2.0.0-beta.3.tgz",
      "integrity": "sha1-TkRr2fhb1+J9PiJvTpmvEgEaQ4Y=",
      "dev": true,
      "requires": {
        "cookies": "0.7.1",
        "debug": "3.1.0",
        "on-headers": "~1.0.1",
        "safe-buffer": "5.1.1"
      }
    },
    "cookie-signature": {
      "version": "1.0.6",
      "resolved": "http://r.cnpmjs.org/cookie-signature/download/cookie-signature-1.0.6.tgz",
      "integrity": "sha1-4wOogrNCzD7oylE6eZmXNNqzriw=",
      "dev": true
    },
    "cookies": {
      "version": "0.7.1",
      "resolved": "http://r.cnpmjs.org/cookies/download/cookies-0.7.1.tgz",
      "integrity": "sha1-fIphX1SBxhq58WyDNzG8uPZjuZs=",
      "dev": true,
      "requires": {
        "depd": "~1.1.1",
        "keygrip": "~1.0.2"
      }
    },
    "core-util-is": {
      "version": "1.0.2",
      "resolved": "http://r.cnpmjs.org/core-util-is/download/core-util-is-1.0.2.tgz",
      "integrity": "sha1-tf1UIgqivFq1eqtxQMlAdUUDwac=",
      "dev": true
    },
    "debug": {
      "version": "3.1.0",
      "resolved": "http://r.cnpmjs.org/debug/download/debug-3.1.0.tgz",
      "integrity": "sha1-W7WgZyYotkFJVmuhaBnmFRjGcmE=",
      "dev": true,
      "requires": {
        "ms": "2.0.0"
      }
    },
    "depd": {
      "version": "1.1.2",
      "resolved": "http://r.cnpmjs.org/depd/download/depd-1.1.2.tgz",
      "integrity": "sha1-m81S4UwJd2PnSbJ0xDRu0uVgtak=",
      "dev": true
    },
    "inherits": {
      "version": "2.0.4",
      "resolved": "http://r.cnpmjs.org/inherits/download/inherits-2.0.4.tgz",
      "integrity": "sha1-D6LGT5MpF8NDOg3tVTY6rjdBa3w=",
      "dev": true
    },
    "isarray": {
      "version": "1.0.0",
      "resolved": "http://r.cnpmjs.org/isarray/download/isarray-1.0.0.tgz",
      "integrity": "sha1-u5NdSFgsuhaMBoNJV6VKPgcSTxE=",
      "dev": true
    },
    "keygrip": {
      "version": "1.0.3",
      "resolved": "http://r.cnpmjs.org/keygrip/download/keygrip-1.0.3.tgz",
      "integrity": "sha1-OZ1wnwrtK6sKBZ4M3TpQI6BT4dw=",
      "dev": true
    },
    "ms": {
      "version": "2.0.0",
      "resolved": "http://r.cnpmjs.org/ms/download/ms-2.0.0.tgz",
      "integrity": "sha1-VgiurfwAvmwpAd9fmGF4jeDVl8g=",
      "dev": true
    },
    "mysql": {
      "version": "2.17.1",
      "resolved": "http://r.cnpmjs.org/mysql/download/mysql-2.17.1.tgz",
      "integrity": "sha1-YrukoDmpsvc2OM0WUs5Q/G9oKJk=",
      "dev": true,
      "requires": {
        "bignumber.js": "7.2.1",
        "readable-stream": "2.3.6",
        "safe-buffer": "5.1.2",
        "sqlstring": "2.3.1"
      },
      "dependencies": {
        "safe-buffer": {
          "version": "5.1.2",
          "resolved": "http://r.cnpmjs.org/safe-buffer/download/safe-buffer-5.1.2.tgz",
          "integrity": "sha1-mR7GnSluAxN0fVm9/St0XDX4go0=",
          "dev": true
        }
      }
    },
    "on-headers": {
      "version": "1.0.2",
      "resolved": "http://r.cnpmjs.org/on-headers/download/on-headers-1.0.2.tgz",
      "integrity": "sha1-dysK5qqlJcOZ5Imt+tkMQD6zwo8=",
      "dev": true
    },
    "process-nextick-args": {
      "version": "2.0.1",
      "resolved": "http://r.cnpmjs.org/process-nextick-args/download/process-nextick-args-2.0.1.tgz",
      "integrity": "sha1-eCDZsWEgzFXKmud5JoCufbptf+I=",
      "dev": true
    },
    "readable-stream": {
      "version": "2.3.6",
      "resolved": "http://r.cnpmjs.org/readable-stream/download/readable-stream-2.3.6.tgz",
      "integrity": "sha1-sRwn2IuP8fvgcGQ8+UsMea4bCq8=",
      "dev": true,
      "requires": {
        "core-util-is": "~1.0.0",
        "inherits": "~2.0.3",
        "isarray": "~1.0.0",
        "process-nextick-args": "~2.0.0",
        "safe-buffer": "~5.1.1",
        "string_decoder": "~1.1.1",
        "util-deprecate": "~1.0.1"
      }
    },
    "safe-buffer": {
      "version": "5.1.1",
      "resolved": "http://r.cnpmjs.org/safe-buffer/download/safe-buffer-5.1.1.tgz",
      "integrity": "sha1-iTMSr2myEj3vcfV4iQAWce6yyFM=",
      "dev": true
    },
    "sqlstring": {
      "version": "2.3.1",
      "resolved": "http://r.cnpmjs.org/sqlstring/download/sqlstring-2.3.1.tgz",
      "integrity": "sha1-R1OT/56RR5rqYtyvDKPRSYOn+0A=",
      "dev": true
    },
    "string_decoder": {
      "version": "1.1.1",
      "resolved": "http://r.cnpmjs.org/string_decoder/download/string_decoder-1.1.1.tgz",
      "integrity": "sha1-nPFhG6YmhdcDCunkujQUnDrwP8g=",
      "dev": true,
      "requires": {
        "safe-buffer": "~5.1.0"
      }
    },
    "util-deprecate": {
      "version": "1.0.2",
      "resolved": "http://r.cnpmjs.org/util-deprecate/download/util-deprecate-1.0.2.tgz",
      "integrity": "sha1-RQ1Nyfpw3nMnYvvS1KKJgUGaDM8=",
      "dev": true
    }
  }
}
